
Microsoft Visual Studio Solution File, Format Version 12.00
# Visual Studio Version 16
VisualStudioVersion = 16.0.33328.57
MinimumVisualStudioVersion = 10.0.40219.1
Project("{F184B08F-C81C-45F6-A57F-5ABD9991F28F}") = "comic_convention", "comic_convention.vbproj", "{4A0AB5CE-7B47-4D25-94E3-344C73EF3529}"
EndProject
Global
	GlobalSection(SolutionConfigurationPlatforms) = preSolution
		Debug|Any CPU = Debug|Any CPU
		Release|Any CPU = Release|Any CPU
	EndGlobalSection
	GlobalSection(ProjectConfigurationPlatforms) = postSolution
		{4A0AB5CE-7B47-4D25-94E3-344C73EF3529}.Debug|Any CPU.ActiveCfg = Debug|Any CPU
		{4A0AB5CE-7B47-4D25-94E3-344C73EF3529}.Debug|Any CPU.Build.0 = Debug|Any CPU
		{4A0AB5CE-7B47-4D25-94E3-344C73EF3529}.Release|Any CPU.ActiveCfg = Release|Any CPU
		{4A0AB5CE-7B47-4D25-94E3-344C73EF3529}.Release|Any CPU.Build.0 = Release|Any CPU
	EndGlobalSection
	GlobalSection(SolutionProperties) = preSolution
		HideSolutionNode = FALSE
	EndGlobalSection
	GlobalSection(ExtensibilityGlobals) = postSolution
		SolutionGuid = {DF8242FF-7ECA-48B6-81E3-7D76484120EC}
	EndGlobalSection
EndGlobal
